
Microsoft Visual Studio Solution File, Format Version 12.00
# Visual Studio Version 17
VisualStudioVersion = 17.6.33723.286
MinimumVisualStudioVersion = 10.0.40219.1
Project("{9A19103F-16F7-4668-BE54-9A1E7A4F7556}") = "TradePerformanceAPI", "TradePerformanceAPI.csproj", "{82229795-8B4B-47CD-91C1-E050371411E0}"
EndProject
Project("{9A19103F-16F7-4668-BE54-9A1E7A4F7556}") = "TradePerformance.UI", "..\TradePerformance.UI\TradePerformance.UI.csproj", "{F5E421C6-F2E9-4E30-9623-BF2FCEE9FE50}"
EndProject
Global
	GlobalSection(SolutionConfigurationPlatforms) = preSolution
		Debug|Any CPU = Debug|Any CPU
		Release|Any CPU = Release|Any CPU
	EndGlobalSection
	GlobalSection(ProjectConfigurationPlatforms) = postSolution
		{82229795-8B4B-47CD-91C1-E050371411E0}.Debug|Any CPU.ActiveCfg = Debug|Any CPU
		{82229795-8B4B-47CD-91C1-E050371411E0}.Debug|Any CPU.Build.0 = Debug|Any CPU
		{82229795-8B4B-47CD-91C1-E050371411E0}.Release|Any CPU.ActiveCfg = Release|Any CPU
		{82229795-8B4B-47CD-91C1-E050371411E0}.Release|Any CPU.Build.0 = Release|Any CPU
		{F5E421C6-F2E9-4E30-9623-BF2FCEE9FE50}.Debug|Any CPU.ActiveCfg = Debug|Any CPU
		{F5E421C6-F2E9-4E30-9623-BF2FCEE9FE50}.Debug|Any CPU.Build.0 = Debug|Any CPU
		{F5E421C6-F2E9-4E30-9623-BF2FCEE9FE50}.Release|Any CPU.ActiveCfg = Release|Any CPU
		{F5E421C6-F2E9-4E30-9623-BF2FCEE9FE50}.Release|Any CPU.Build.0 = Release|Any CPU
	EndGlobalSection
	GlobalSection(SolutionProperties) = preSolution
		HideSolutionNode = FALSE
	EndGlobalSection
	GlobalSection(ExtensibilityGlobals) = postSolution
		SolutionGuid = {44B7C9C5-B074-44DB-A63F-943F802DEEF4}
	EndGlobalSection
EndGlobal
